
Microsoft Visual Studio Solution File, Format Version 12.00
# Visual Studio Version 16
VisualStudioVersion = 16.0.30011.22
MinimumVisualStudioVersion = 10.0.40219.1
Project("{FAE04EC0-301F-11D3-BF4B-00C04F79EFBC}") = "CallByReferenceMethod", "CallByReferenceMethod.csproj", "{46B35842-416B-4275-91FF-244C8A4F52CD}"
EndProject
Global
	GlobalSection(SolutionConfigurationPlatforms) = preSolution
		Debug|Any CPU = Debug|Any CPU
		Release|Any CPU = Release|Any CPU
	EndGlobalSection
	GlobalSection(ProjectConfigurationPlatforms) = postSolution
		{46B35842-416B-4275-91FF-244C8A4F52CD}.Debug|Any CPU.ActiveCfg = Debug|Any CPU
		{46B35842-416B-4275-91FF-244C8A4F52CD}.Debug|Any CPU.Build.0 = Debug|Any CPU
		{46B35842-416B-4275-91FF-244C8A4F52CD}.Release|Any CPU.ActiveCfg = Release|Any CPU
		{46B35842-416B-4275-91FF-244C8A4F52CD}.Release|Any CPU.Build.0 = Release|Any CPU
	EndGlobalSection
	GlobalSection(SolutionProperties) = preSolution
		HideSolutionNode = FALSE
	EndGlobalSection
	GlobalSection(ExtensibilityGlobals) = postSolution
		SolutionGuid = {2B378A93-DED4-4345-843C-3987277D1469}
	EndGlobalSection
EndGlobal
